
Microsoft Visual Studio Solution File, Format Version 11.00
# Visual Studio 2010
Project("{FAE04EC0-301F-11D3-BF4B-00C04F79EFBC}") = "Assembly-CSharp", "Assembly-CSharp.csproj", "{ED6A43B5-2C11-8359-603B-70EC227FC0CC}"
EndProject
Global
	GlobalSection(SolutionConfigurationPlatforms) = preSolution
		Debug|Any CPU = Debug|Any CPU
		Release|Any CPU = Release|Any CPU
	EndGlobalSection
	GlobalSection(ProjectConfigurationPlatforms) = postSolution
		{ED6A43B5-2C11-8359-603B-70EC227FC0CC}.Debug|Any CPU.ActiveCfg = Debug|Any CPU
		{ED6A43B5-2C11-8359-603B-70EC227FC0CC}.Debug|Any CPU.Build.0 = Debug|Any CPU
		{ED6A43B5-2C11-8359-603B-70EC227FC0CC}.Release|Any CPU.ActiveCfg = Release|Any CPU
		{ED6A43B5-2C11-8359-603B-70EC227FC0CC}.Release|Any CPU.Build.0 = Release|Any CPU
	EndGlobalSection
	GlobalSection(SolutionProperties) = preSolution
		HideSolutionNode = FALSE
	EndGlobalSection
	GlobalSection(MonoDevelopProperties) = preSolution
		StartupItem = Assembly-CSharp.csproj
	EndGlobalSection
EndGlobal
